
Microsoft Visual Studio Solution File, Format Version 12.00
# Visual Studio Version 17
VisualStudioVersion = 17.7.34024.191
MinimumVisualStudioVersion = 10.0.40219.1
Project("{FAE04EC0-301F-11D3-BF4B-00C04F79EFBC}") = "InternTest-Backend", "InternTest-Backend.csproj", "{5BD919DB-D029-403A-A259-0D37A25B17EE}"
EndProject
Global
	GlobalSection(SolutionConfigurationPlatforms) = preSolution
		Debug|Any CPU = Debug|Any CPU
		Release|Any CPU = Release|Any CPU
	EndGlobalSection
	GlobalSection(ProjectConfigurationPlatforms) = postSolution
		{5BD919DB-D029-403A-A259-0D37A25B17EE}.Debug|Any CPU.ActiveCfg = Debug|Any CPU
		{5BD919DB-D029-403A-A259-0D37A25B17EE}.Debug|Any CPU.Build.0 = Debug|Any CPU
		{5BD919DB-D029-403A-A259-0D37A25B17EE}.Release|Any CPU.ActiveCfg = Release|Any CPU
		{5BD919DB-D029-403A-A259-0D37A25B17EE}.Release|Any CPU.Build.0 = Release|Any CPU
	EndGlobalSection
	GlobalSection(SolutionProperties) = preSolution
		HideSolutionNode = FALSE
	EndGlobalSection
	GlobalSection(ExtensibilityGlobals) = postSolution
		SolutionGuid = {6312C095-8A56-4442-866A-D10F5D08F38B}
	EndGlobalSection
EndGlobal
